// !$*UTF8*$!
{
	archiveVersion = 1;
	classes = {
	};
	objectVersion = 50;
	objects = {

/* Begin PBXBuildFile section */
		462BCB7D21FE208000373B0B /* ChatVC.swift in Sources */ = {isa = PBXBuildFile; fileRef = 462BCB7C21FE208000373B0B /* ChatVC.swift */; };
		462BCB7F21FE20FA00373B0B /* ChannelVC.swift in Sources */ = {isa = PBXBuildFile; fileRef = 462BCB7E21FE20FA00373B0B /* ChannelVC.swift */; };
		462BCB8121FE215400373B0B /* LoginVC.swift in Sources */ = {isa = PBXBuildFile; fileRef = 462BCB8021FE215400373B0B /* LoginVC.swift */; };
		462BCB8321FE218400373B0B /* CreateAccountVC.swift in Sources */ = {isa = PBXBuildFile; fileRef = 462BCB8221FE218400373B0B /* CreateAccountVC.swift */; };
		462BCB8621FE226C00373B0B /* Constants.swift in Sources */ = {isa = PBXBuildFile; fileRef = 462BCB8521FE226C00373B0B /* Constants.swift */; };
		462BCB8921FE22CA00373B0B /* GradientView.swift in Sources */ = {isa = PBXBuildFile; fileRef = 462BCB8821FE22CA00373B0B /* GradientView.swift */; };
		462BCB8B21FE22FC00373B0B /* AppDelegate.swift in Sources */ = {isa = PBXBuildFile; fileRef = 462BCB8A21FE22FC00373B0B /* AppDelegate.swift */; };
		462BCB8E21FF964C00373B0B /* AuthService.swift in Sources */ = {isa = PBXBuildFile; fileRef = 462BCB8D21FF964C00373B0B /* AuthService.swift */; };
		462BCB90221C949300373B0B /* RoundedButton.swift in Sources */ = {isa = PBXBuildFile; fileRef = 462BCB8F221C949300373B0B /* RoundedButton.swift */; };
		462BCB922225D04900373B0B /* UserDataService.swift in Sources */ = {isa = PBXBuildFile; fileRef = 462BCB912225D04900373B0B /* UserDataService.swift */; };
		462DE76621FDF25C009FE253 /* Assets.xcassets in Resources */ = {isa = PBXBuildFile; fileRef = 462DE76521FDF25C009FE253 /* Assets.xcassets */; };
		462DE76921FDF25C009FE253 /* LaunchScreen.storyboard in Resources */ = {isa = PBXBuildFile; fileRef = 462DE76721FDF25C009FE253 /* LaunchScreen.storyboard */; };
		462DE77321FE0202009FE253 /* New.storyboard in Resources */ = {isa = PBXBuildFile; fileRef = 462DE77221FE0202009FE253 /* New.storyboard */; };
		462DE78121FE0604009FE253 /* SWRevealViewController.m in Sources */ = {isa = PBXBuildFile; fileRef = 462DE77F21FE0603009FE253 /* SWRevealViewController.m */; };
		4656B7A0222F1E8700B40CC1 /* CircleImage.swift in Sources */ = {isa = PBXBuildFile; fileRef = 4656B79F222F1E8700B40CC1 /* CircleImage.swift */; };
		46689009223ED7FE00BB25AF /* ChannelCell.swift in Sources */ = {isa = PBXBuildFile; fileRef = 46689008223ED7FE00BB25AF /* ChannelCell.swift */; };
		468302FC2236EC15008D2253 /* ProfileVC.swift in Sources */ = {isa = PBXBuildFile; fileRef = 468302FA2236EC15008D2253 /* ProfileVC.swift */; };
		468302FD2236EC15008D2253 /* ProfileVC.xib in Resources */ = {isa = PBXBuildFile; fileRef = 468302FB2236EC15008D2253 /* ProfileVC.xib */; };
		46DA38D6222B14B70082DE3B /* AvatarPickerVC.swift in Sources */ = {isa = PBXBuildFile; fileRef = 46DA38D5222B14B70082DE3B /* AvatarPickerVC.swift */; };
		46DA38D8222B1B140082DE3B /* AvatarCell.swift in Sources */ = {isa = PBXBuildFile; fileRef = 46DA38D7222B1B140082DE3B /* AvatarCell.swift */; };
		46E6E735223C3DA90007DD5E /* MessageService.swift in Sources */ = {isa = PBXBuildFile; fileRef = 46E6E734223C3DA90007DD5E /* MessageService.swift */; };
		46E6E737223C3DA90007DD5E /* Channel.swift in Sources */ = {isa = PBXBuildFile; fileRef = 46E6E736223C3DA90007DD5E /* Channel.swift */; };
		50FA827ED50F09840848D1FF /* Pods_ShokshChat.framework in Frameworks */ = {isa = PBXBuildFile; fileRef = 2209338C8F1A5C84585EA4AA /* Pods_ShokshChat.framework */; };
/* End PBXBuildFile section */

/* Begin PBXFileReference section */
		2209338C8F1A5C84585EA4AA /* Pods_ShokshChat.framework */ = {isa = PBXFileReference; explicitFileType = wrapper.framework; includeInIndex = 0; path = Pods_ShokshChat.framework; sourceTree = BUILT_PRODUCTS_DIR; };
		462BCB7C21FE208000373B0B /* ChatVC.swift */ = {isa = PBXFileReference; lastKnownFileType = sourcecode.swift; path = ChatVC.swift; sourceTree = "<group>"; };
		462BCB7E21FE20FA00373B0B /* ChannelVC.swift */ = {isa = PBXFileReference; lastKnownFileType = sourcecode.swift; path = ChannelVC.swift; sourceTree = "<group>"; };
		462BCB8021FE215400373B0B /* LoginVC.swift */ = {isa = PBXFileReference; lastKnownFileType = sourcecode.swift; path = LoginVC.swift; sourceTree = "<group>"; };
		462BCB8221FE218400373B0B /* CreateAccountVC.swift */ = {isa = PBXFileReference; lastKnownFileType = sourcecode.swift; path = CreateAccountVC.swift; sourceTree = "<group>"; };
		462BCB8521FE226C00373B0B /* Constants.swift */ = {isa = PBXFileReference; lastKnownFileType = sourcecode.swift; path = Constants.swift; sourceTree = "<group>"; };
		462BCB8821FE22CA00373B0B /* GradientView.swift */ = {isa = PBXFileReference; lastKnownFileType = sourcecode.swift; path = GradientView.swift; sourceTree = "<group>"; };
		462BCB8A21FE22FC00373B0B /* AppDelegate.swift */ = {isa = PBXFileReference; lastKnownFileType = sourcecode.swift; path = AppDelegate.swift; sourceTree = "<group>"; };
		462BCB8D21FF964C00373B0B /* AuthService.swift */ = {isa = PBXFileReference; lastKnownFileType = sourcecode.swift; path = AuthService.swift; sourceTree = "<group>"; };
		462BCB8F221C949300373B0B /* RoundedButton.swift */ = {isa = PBXFileReference; lastKnownFileType = sourcecode.swift; path = RoundedButton.swift; sourceTree = "<group>"; };
		462BCB912225D04900373B0B /* UserDataService.swift */ = {isa = PBXFileReference; lastKnownFileType = sourcecode.swift; path = UserDataService.swift; sourceTree = "<group>"; };
		462DE75B21FDF259009FE253 /* ShokshChat.app */ = {isa = PBXFileReference; explicitFileType = wrapper.application; includeInIndex = 0; path = ShokshChat.app; sourceTree = BUILT_PRODUCTS_DIR; };
		462DE76521FDF25C009FE253 /* Assets.xcassets */ = {isa = PBXFileReference; lastKnownFileType = folder.assetcatalog; path = Assets.xcassets; sourceTree = "<group>"; };
		462DE76821FDF25C009FE253 /* Base */ = {isa = PBXFileReference; lastKnownFileType = file.storyboard; name = Base; path = Base.lproj/LaunchScreen.storyboard; sourceTree = "<group>"; };
		462DE76A21FDF25C009FE253 /* Info.plist */ = {isa = PBXFileReference; lastKnownFileType = text.plist.xml; path = Info.plist; sourceTree = "<group>"; };
		462DE77221FE0202009FE253 /* New.storyboard */ = {isa = PBXFileReference; fileEncoding = 4; lastKnownFileType = file.storyboard; path = New.storyboard; sourceTree = "<group>"; };
		462DE77E21FE0601009FE253 /* ShokshChat-Bridging-Header.h */ = {isa = PBXFileReference; lastKnownFileType = sourcecode.c.h; path = "ShokshChat-Bridging-Header.h"; sourceTree = "<group>"; };
		462DE77F21FE0603009FE253 /* SWRevealViewController.m */ = {isa = PBXFileReference; fileEncoding = 4; lastKnownFileType = sourcecode.c.objc; path = SWRevealViewController.m; sourceTree = "<group>"; };
		462DE78021FE0604009FE253 /* SWRevealViewController.h */ = {isa = PBXFileReference; fileEncoding = 4; lastKnownFileType = sourcecode.c.h; path = SWRevealViewController.h; sourceTree = "<group>"; };
		4656B79F222F1E8700B40CC1 /* CircleImage.swift */ = {isa = PBXFileReference; lastKnownFileType = sourcecode.swift; path = CircleImage.swift; sourceTree = "<group>"; };
		46689008223ED7FE00BB25AF /* ChannelCell.swift */ = {isa = PBXFileReference; lastKnownFileType = sourcecode.swift; path = ChannelCell.swift; sourceTree = "<group>"; };
		468302FA2236EC15008D2253 /* ProfileVC.swift */ = {isa = PBXFileReference; lastKnownFileType = sourcecode.swift; path = ProfileVC.swift; sourceTree = "<group>"; };
		468302FB2236EC15008D2253 /* ProfileVC.xib */ = {isa = PBXFileReference; lastKnownFileType = file.xib; path = ProfileVC.xib; sourceTree = "<group>"; };
		46DA38D5222B14B70082DE3B /* AvatarPickerVC.swift */ = {isa = PBXFileReference; lastKnownFileType = sourcecode.swift; path = AvatarPickerVC.swift; sourceTree = "<group>"; };
		46DA38D7222B1B140082DE3B /* AvatarCell.swift */ = {isa = PBXFileReference; lastKnownFileType = sourcecode.swift; path = AvatarCell.swift; sourceTree = "<group>"; };
		46E6E734223C3DA90007DD5E /* MessageService.swift */ = {isa = PBXFileReference; lastKnownFileType = sourcecode.swift; path = MessageService.swift; sourceTree = "<group>"; };
		46E6E736223C3DA90007DD5E /* Channel.swift */ = {isa = PBXFileReference; lastKnownFileType = sourcecode.swift; path = Channel.swift; sourceTree = "<group>"; };
		D90D7DD37748A5A384DB3C3C /* Pods-ShokshChat.debug.xcconfig */ = {isa = PBXFileReference; includeInIndex = 1; lastKnownFileType = text.xcconfig; name = "Pods-ShokshChat.debug.xcconfig"; path = "Pods/Target Support Files/Pods-ShokshChat/Pods-ShokshChat.debug.xcconfig"; sourceTree = "<group>"; };
		E3F13129E323EF67F86C0F57 /* Pods-ShokshChat.release.xcconfig */ = {isa = PBXFileReference; includeInIndex = 1; lastKnownFileType = text.xcconfig; name = "Pods-ShokshChat.release.xcconfig"; path = "Pods/Target Support Files/Pods-ShokshChat/Pods-ShokshChat.release.xcconfig"; sourceTree = "<group>"; };
/* End PBXFileReference section */

/* Begin PBXFrameworksBuildPhase section */
		462DE75821FDF259009FE253 /* Frameworks */ = {
			isa = PBXFrameworksBuildPhase;
			buildActionMask = 2147483647;
			files = (
				50FA827ED50F09840848D1FF /* Pods_ShokshChat.framework in Frameworks */,
			);
			runOnlyForDeploymentPostprocessing = 0;
		};
/* End PBXFrameworksBuildPhase section */

/* Begin PBXGroup section */
		0C335742350DB80BE23518AF /* Frameworks */ = {
			isa = PBXGroup;
			children = (
				2209338C8F1A5C84585EA4AA /* Pods_ShokshChat.framework */,
			);
			name = Frameworks;
			sourceTree = "<group>";
		};
		462BCB7321FE1FD200373B0B /* Controller */ = {
			isa = PBXGroup;
			children = (
				462BCB7C21FE208000373B0B /* ChatVC.swift */,
				462BCB7E21FE20FA00373B0B /* ChannelVC.swift */,
				462BCB8021FE215400373B0B /* LoginVC.swift */,
				462BCB8221FE218400373B0B /* CreateAccountVC.swift */,
				46DA38D5222B14B70082DE3B /* AvatarPickerVC.swift */,
				468302FA2236EC15008D2253 /* ProfileVC.swift */,
			);
			name = Controller;
			path = "New Group";
			sourceTree = "<group>";
		};
		462BCB8421FE225200373B0B /* Utilities */ = {
			isa = PBXGroup;
			children = (
				462BCB8521FE226C00373B0B /* Constants.swift */,
			);
			name = Utilities;
			path = "New Group1";
			sourceTree = "<group>";
		};
		462BCB8721FE228800373B0B /* View */ = {
			isa = PBXGroup;
			children = (
				462BCB8821FE22CA00373B0B /* GradientView.swift */,
				462BCB8F221C949300373B0B /* RoundedButton.swift */,
				46DA38D7222B1B140082DE3B /* AvatarCell.swift */,
				4656B79F222F1E8700B40CC1 /* CircleImage.swift */,
				46689008223ED7FE00BB25AF /* ChannelCell.swift */,
			);
			name = View;
			path = "New Group2";
			sourceTree = "<group>";
		};
		462BCB8C21FF962C00373B0B /* Services */ = {
			isa = PBXGroup;
			children = (
				462BCB8D21FF964C00373B0B /* AuthService.swift */,
				462BCB912225D04900373B0B /* UserDataService.swift */,
				46E6E734223C3DA90007DD5E /* MessageService.swift */,
			);
			path = Services;
			sourceTree = "<group>";
		};
		462DE75221FDF259009FE253 = {
			isa = PBXGroup;
			children = (
				462DE75D21FDF259009FE253 /* ShokshChat */,
				462DE75C21FDF259009FE253 /* Products */,
				540D1ACF3E6994BE52C758B3 /* Pods */,
				0C335742350DB80BE23518AF /* Frameworks */,
			);
			sourceTree = "<group>";
		};
		462DE75C21FDF259009FE253 /* Products */ = {
			isa = PBXGroup;
			children = (
				462DE75B21FDF259009FE253 /* ShokshChat.app */,
			);
			name = Products;
			sourceTree = "<group>";
		};
		462DE75D21FDF259009FE253 /* ShokshChat */ = {
			isa = PBXGroup;
			children = (
				462BCB8421FE225200373B0B /* Utilities */,
				462BCB8C21FF962C00373B0B /* Services */,
				462DE77C21FE02AE009FE253 /* Model */,
				462BCB8721FE228800373B0B /* View */,
				468302FE2236EC1C008D2253 /* XIBs */,
				462BCB7321FE1FD200373B0B /* Controller */,
				462DE77D21FE05E2009FE253 /* Supporting Files */,
				462DE77221FE0202009FE253 /* New.storyboard */,
				462DE76521FDF25C009FE253 /* Assets.xcassets */,
				462DE76721FDF25C009FE253 /* LaunchScreen.storyboard */,
				462DE76A21FDF25C009FE253 /* Info.plist */,
				462BCB8A21FE22FC00373B0B /* AppDelegate.swift */,
			);
			path = ShokshChat;
			sourceTree = "<group>";
		};
		462DE77C21FE02AE009FE253 /* Model */ = {
			isa = PBXGroup;
			children = (
				46E6E736223C3DA90007DD5E /* Channel.swift */,
			);
			path = Model;
			sourceTree = "<group>";
		};
		462DE77D21FE05E2009FE253 /* Supporting Files */ = {
			isa = PBXGroup;
			children = (
				462DE78021FE0604009FE253 /* SWRevealViewController.h */,
				462DE77F21FE0603009FE253 /* SWRevealViewController.m */,
				462DE77E21FE0601009FE253 /* ShokshChat-Bridging-Header.h */,
			);
			path = "Supporting Files";
			sourceTree = "<group>";
		};
		468302FE2236EC1C008D2253 /* XIBs */ = {
			isa = PBXGroup;
			children = (
				468302FB2236EC15008D2253 /* ProfileVC.xib */,
			);
			path = XIBs;
			sourceTree = "<group>";
		};
		540D1ACF3E6994BE52C758B3 /* Pods */ = {
			isa = PBXGroup;
			children = (
				D90D7DD37748A5A384DB3C3C /* Pods-ShokshChat.debug.xcconfig */,
				E3F13129E323EF67F86C0F57 /* Pods-ShokshChat.release.xcconfig */,
			);
			name = Pods;
			sourceTree = "<group>";
		};
/* End PBXGroup section */

/* Begin PBXNativeTarget section */
		462DE75A21FDF259009FE253 /* ShokshChat */ = {
			isa = PBXNativeTarget;
			buildConfigurationList = 462DE76D21FDF25C009FE253 /* Build configuration list for PBXNativeTarget "ShokshChat" */;
			buildPhases = (
				72E984954073A51059078AF5 /* [CP] Check Pods Manifest.lock */,
				462DE75721FDF259009FE253 /* Sources */,
				462DE75821FDF259009FE253 /* Frameworks */,
				462DE75921FDF259009FE253 /* Resources */,
				A68C1D0F3A52D1393D133E1E /* [CP] Embed Pods Frameworks */,
			);
			buildRules = (
			);
			dependencies = (
			);
			name = ShokshChat;
			productName = ShokshChat;
			productReference = 462DE75B21FDF259009FE253 /* ShokshChat.app */;
			productType = "com.apple.product-type.application";
		};
/* End PBXNativeTarget section */

/* Begin PBXProject section */
		462DE75321FDF259009FE253 /* Project object */ = {
			isa = PBXProject;
			attributes = {
				LastSwiftUpdateCheck = 1000;
				LastUpgradeCheck = 1000;
				ORGANIZATIONNAME = Elshakoushy;
				TargetAttributes = {
					462DE75A21FDF259009FE253 = {
						CreatedOnToolsVersion = 10.0;
						LastSwiftMigration = 1000;
					};
				};
			};
			buildConfigurationList = 462DE75621FDF259009FE253 /* Build configuration list for PBXProject "ShokshChat" */;
			compatibilityVersion = "Xcode 9.3";
			developmentRegion = en;
			hasScannedForEncodings = 0;
			knownRegions = (
				en,
				Base,
			);
			mainGroup = 462DE75221FDF259009FE253;
			productRefGroup = 462DE75C21FDF259009FE253 /* Products */;
			projectDirPath = "";
			projectRoot = "";
			targets = (
				462DE75A21FDF259009FE253 /* ShokshChat */,
			);
		};
/* End PBXProject section */

/* Begin PBXResourcesBuildPhase section */
		462DE75921FDF259009FE253 /* Resources */ = {
			isa = PBXResourcesBuildPhase;
			buildActionMask = 2147483647;
			files = (
				468302FD2236EC15008D2253 /* ProfileVC.xib in Resources */,
				462DE76921FDF25C009FE253 /* LaunchScreen.storyboard in Resources */,
				462DE76621FDF25C009FE253 /* Assets.xcassets in Resources */,
				462DE77321FE0202009FE253 /* New.storyboard in Resources */,
			);
			runOnlyForDeploymentPostprocessing = 0;
		};
/* End PBXResourcesBuildPhase section */

/* Begin PBXShellScriptBuildPhase section */
		72E984954073A51059078AF5 /* [CP] Check Pods Manifest.lock */ = {
			isa = PBXShellScriptBuildPhase;
			buildActionMask = 2147483647;
			files = (
			);
			inputPaths = (
				"${PODS_PODFILE_DIR_PATH}/Podfile.lock",
				"${PODS_ROOT}/Manifest.lock",
			);
			name = "[CP] Check Pods Manifest.lock";
			outputPaths = (
				"$(DERIVED_FILE_DIR)/Pods-ShokshChat-checkManifestLockResult.txt",
			);
			runOnlyForDeploymentPostprocessing = 0;
			shellPath = /bin/sh;
			shellScript = "diff \"${PODS_PODFILE_DIR_PATH}/Podfile.lock\" \"${PODS_ROOT}/Manifest.lock\" > /dev/null\nif [ $? != 0 ] ; then\n    # print error to STDERR\n    echo \"error: The sandbox is not in sync with the Podfile.lock. Run 'pod install' or update your CocoaPods installation.\" >&2\n    exit 1\nfi\n# This output is used by Xcode 'outputs' to avoid re-running this script phase.\necho \"SUCCESS\" > \"${SCRIPT_OUTPUT_FILE_0}\"\n";
			showEnvVarsInLog = 0;
		};
		A68C1D0F3A52D1393D133E1E /* [CP] Embed Pods Frameworks */ = {
			isa = PBXShellScriptBuildPhase;
			buildActionMask = 2147483647;
			files = (
			);
			inputPaths = (
				"${SRCROOT}/Pods/Target Support Files/Pods-ShokshChat/Pods-ShokshChat-frameworks.sh",
				"${BUILT_PRODUCTS_DIR}/Alamofire/Alamofire.framework",
				"${BUILT_PRODUCTS_DIR}/Socket.IO-Client-Swift/SocketIO.framework",
				"${BUILT_PRODUCTS_DIR}/Starscream/Starscream.framework",
				"${BUILT_PRODUCTS_DIR}/SwiftyJSON/SwiftyJSON.framework",
			);
			name = "[CP] Embed Pods Frameworks";
			outputPaths = (
				"${TARGET_BUILD_DIR}/${FRAMEWORKS_FOLDER_PATH}/Alamofire.framework",
				"${TARGET_BUILD_DIR}/${FRAMEWORKS_FOLDER_PATH}/SocketIO.framework",
				"${TARGET_BUILD_DIR}/${FRAMEWORKS_FOLDER_PATH}/Starscream.framework",
				"${TARGET_BUILD_DIR}/${FRAMEWORKS_FOLDER_PATH}/SwiftyJSON.framework",
			);
			runOnlyForDeploymentPostprocessing = 0;
			shellPath = /bin/sh;
			shellScript = "\"${SRCROOT}/Pods/Target Support Files/Pods-ShokshChat/Pods-ShokshChat-frameworks.sh\"\n";
			showEnvVarsInLog = 0;
		};
/* End PBXShellScriptBuildPhase section */

/* Begin PBXSourcesBuildPhase section */
		462DE75721FDF259009FE253 /* Sources */ = {
			isa = PBXSourcesBuildPhase;
			buildActionMask = 2147483647;
			files = (
				468302FC2236EC15008D2253 /* ProfileVC.swift in Sources */,
				46689009223ED7FE00BB25AF /* ChannelCell.swift in Sources */,
				462BCB8B21FE22FC00373B0B /* AppDelegate.swift in Sources */,
				46DA38D6222B14B70082DE3B /* AvatarPickerVC.swift in Sources */,
				462BCB90221C949300373B0B /* RoundedButton.swift in Sources */,
				46E6E737223C3DA90007DD5E /* Channel.swift in Sources */,
				4656B7A0222F1E8700B40CC1 /* CircleImage.swift in Sources */,
				46E6E735223C3DA90007DD5E /* MessageService.swift in Sources */,
				462BCB7D21FE208000373B0B /* ChatVC.swift in Sources */,
				462BCB922225D04900373B0B /* UserDataService.swift in Sources */,
				462BCB8121FE215400373B0B /* LoginVC.swift in Sources */,
				462BCB8E21FF964C00373B0B /* AuthService.swift in Sources */,
				462DE78121FE0604009FE253 /* SWRevealViewController.m in Sources */,
				462BCB8621FE226C00373B0B /* Constants.swift in Sources */,
				46DA38D8222B1B140082DE3B /* AvatarCell.swift in Sources */,
				462BCB8321FE218400373B0B /* CreateAccountVC.swift in Sources */,
				462BCB8921FE22CA00373B0B /* GradientView.swift in Sources */,
				462BCB7F21FE20FA00373B0B /* ChannelVC.swift in Sources */,
			);
			runOnlyForDeploymentPostprocessing = 0;
		};
/* End PBXSourcesBuildPhase section */

/* Begin PBXVariantGroup section */
		462DE76721FDF25C009FE253 /* LaunchScreen.storyboard */ = {
			isa = PBXVariantGroup;
			children = (
				462DE76821FDF25C009FE253 /* Base */,
			);
			name = LaunchScreen.storyboard;
			sourceTree = "<group>";
		};
/* End PBXVariantGroup section */

/* Begin XCBuildConfiguration section */
		462DE76B21FDF25C009FE253 /* Debug */ = {
			isa = XCBuildConfiguration;
			buildSettings = {
				ALWAYS_SEARCH_USER_PATHS = NO;
				CLANG_ANALYZER_NONNULL = YES;
				CLANG_ANALYZER_NUMBER_OBJECT_CONVERSION = YES_AGGRESSIVE;
				CLANG_CXX_LANGUAGE_STANDARD = "gnu++14";
				CLANG_CXX_LIBRARY = "libc++";
				CLANG_ENABLE_MODULES = YES;
				CLANG_ENABLE_OBJC_ARC = YES;
				CLANG_ENABLE_OBJC_WEAK = YES;
				CLANG_WARN_BLOCK_CAPTURE_AUTORELEASING = YES;
				CLANG_WARN_BOOL_CONVERSION = YES;
				CLANG_WARN_COMMA = YES;
				CLANG_WARN_CONSTANT_CONVERSION = YES;
				CLANG_WARN_DEPRECATED_OBJC_IMPLEMENTATIONS = YES;
				CLANG_WARN_DIRECT_OBJC_ISA_USAGE = YES_ERROR;
				CLANG_WARN_DOCUMENTATION_COMMENTS = YES;
				CLANG_WARN_EMPTY_BODY = YES;
				CLANG_WARN_ENUM_CONVERSION = YES;
				CLANG_WARN_INFINITE_RECURSION = YES;
				CLANG_WARN_INT_CONVERSION = YES;
				CLANG_WARN_NON_LITERAL_NULL_CONVERSION = YES;
				CLANG_WARN_OBJC_IMPLICIT_RETAIN_SELF = YES;
				CLANG_WARN_OBJC_LITERAL_CONVERSION = YES;
				CLANG_WARN_OBJC_ROOT_CLASS = YES_ERROR;
				CLANG_WARN_RANGE_LOOP_ANALYSIS = YES;
				CLANG_WARN_STRICT_PROTOTYPES = YES;
				CLANG_WARN_SUSPICIOUS_MOVE = YES;
				CLANG_WARN_UNGUARDED_AVAILABILITY = YES_AGGRESSIVE;
				CLANG_WARN_UNREACHABLE_CODE = YES;
				CLANG_WARN__DUPLICATE_METHOD_MATCH = YES;
				CODE_SIGN_IDENTITY = "iPhone Developer";
				COPY_PHASE_STRIP = NO;
				DEBUG_INFORMATION_FORMAT = dwarf;
				ENABLE_STRICT_OBJC_MSGSEND = YES;
				ENABLE_TESTABILITY = YES;
				GCC_C_LANGUAGE_STANDARD = gnu11;
				GCC_DYNAMIC_NO_PIC = NO;
				GCC_NO_COMMON_BLOCKS = YES;
				GCC_OPTIMIZATION_LEVEL = 0;
				GCC_PREPROCESSOR_DEFINITIONS = (
					"DEBUG=1",
					"$(inherited)",
				);
				GCC_WARN_64_TO_32_BIT_CONVERSION = YES;
				GCC_WARN_ABOUT_RETURN_TYPE = YES_ERROR;
				GCC_WARN_UNDECLARED_SELECTOR = YES;
				GCC_WARN_UNINITIALIZED_AUTOS = YES_AGGRESSIVE;
				GCC_WARN_UNUSED_FUNCTION = YES;
				GCC_WARN_UNUSED_VARIABLE = YES;
				IPHONEOS_DEPLOYMENT_TARGET = 12.0;
				MTL_ENABLE_DEBUG_INFO = INCLUDE_SOURCE;
				MTL_FAST_MATH = YES;
				ONLY_ACTIVE_ARCH = YES;
				SDKROOT = iphoneos;
				SWIFT_ACTIVE_COMPILATION_CONDITIONS = DEBUG;
				SWIFT_OPTIMIZATION_LEVEL = "-Onone";
			};
			name = Debug;
		};
		462DE76C21FDF25C009FE253 /* Release */ = {
			isa = XCBuildConfiguration;
			buildSettings = {
				ALWAYS_SEARCH_USER_PATHS = NO;
				CLANG_ANALYZER_NONNULL = YES;
				CLANG_ANALYZER_NUMBER_OBJECT_CONVERSION = YES_AGGRESSIVE;
				CLANG_CXX_LANGUAGE_STANDARD = "gnu++14";
				CLANG_CXX_LIBRARY = "libc++";
				CLANG_ENABLE_MODULES = YES;
				CLANG_ENABLE_OBJC_ARC = YES;
				CLANG_ENABLE_OBJC_WEAK = YES;
				CLANG_WARN_BLOCK_CAPTURE_AUTORELEASING = YES;
				CLANG_WARN_BOOL_CONVERSION = YES;
				CLANG_WARN_COMMA = YES;
				CLANG_WARN_CONSTANT_CONVERSION = YES;
				CLANG_WARN_DEPRECATED_OBJC_IMPLEMENTATIONS = YES;
				CLANG_WARN_DIRECT_OBJC_ISA_USAGE = YES_ERROR;
				CLANG_WARN_DOCUMENTATION_COMMENTS = YES;
				CLANG_WARN_EMPTY_BODY = YES;
				CLANG_WARN_ENUM_CONVERSION = YES;
				CLANG_WARN_INFINITE_RECURSION = YES;
				CLANG_WARN_INT_CONVERSION = YES;
				CLANG_WARN_NON_LITERAL_NULL_CONVERSION = YES;
				CLANG_WARN_OBJC_IMPLICIT_RETAIN_SELF = YES;
				CLANG_WARN_OBJC_LITERAL_CONVERSION = YES;
				CLANG_WARN_OBJC_ROOT_CLASS = YES_ERROR;
				CLANG_WARN_RANGE_LOOP_ANALYSIS = YES;
				CLANG_WARN_STRICT_PROTOTYPES = YES;
				CLANG_WARN_SUSPICIOUS_MOVE = YES;
				CLANG_WARN_UNGUARDED_AVAILABILITY = YES_AGGRESSIVE;
				CLANG_WARN_UNREACHABLE_CODE = YES;
				CLANG_WARN__DUPLICATE_METHOD_MATCH = YES;
				CODE_SIGN_IDENTITY = "iPhone Developer";
				COPY_PHASE_STRIP = NO;
				DEBUG_INFORMATION_FORMAT = "dwarf-with-dsym";
				ENABLE_NS_ASSERTIONS = NO;
				ENABLE_STRICT_OBJC_MSGSEND = YES;
				GCC_C_LANGUAGE_STANDARD = gnu11;
				GCC_NO_COMMON_BLOCKS = YES;
				GCC_WARN_64_TO_32_BIT_CONVERSION = YES;
				GCC_WARN_ABOUT_RETURN_TYPE = YES_ERROR;
				GCC_WARN_UNDECLARED_SELECTOR = YES;
				GCC_WARN_UNINITIALIZED_AUTOS = YES_AGGRESSIVE;
				GCC_WARN_UNUSED_FUNCTION = YES;
				GCC_WARN_UNUSED_VARIABLE = YES;
				IPHONEOS_DEPLOYMENT_TARGET = 12.0;
				MTL_ENABLE_DEBUG_INFO = NO;
				MTL_FAST_MATH = YES;
				SDKROOT = iphoneos;
				SWIFT_COMPILATION_MODE = wholemodule;
				SWIFT_OPTIMIZATION_LEVEL = "-O";
				VALIDATE_PRODUCT = YES;
			};
			name = Release;
		};
		462DE76E21FDF25C009FE253 /* Debug */ = {
			isa = XCBuildConfiguration;
			baseConfigurationReference = D90D7DD37748A5A384DB3C3C /* Pods-ShokshChat.debug.xcconfig */;
			buildSettings = {
				ASSETCATALOG_COMPILER_APPICON_NAME = AppIcon;
				CLANG_ENABLE_MODULES = YES;
				CODE_SIGN_STYLE = Automatic;
				INFOPLIST_FILE = ShokshChat/Info.plist;
				LD_RUNPATH_SEARCH_PATHS = (
					"$(inherited)",
					"@executable_path/Frameworks",
				);
				PRODUCT_BUNDLE_IDENTIFIER = com.elshakoushy.ShokshChat;
				PRODUCT_NAME = "$(TARGET_NAME)";
				SWIFT_OBJC_BRIDGING_HEADER = "ShokshChat/Supporting Files/ShokshChat-Bridging-Header.h";
				SWIFT_OPTIMIZATION_LEVEL = "-Onone";
				SWIFT_VERSION = 4.0;
				TARGETED_DEVICE_FAMILY = "1,2";
			};
			name = Debug;
		};
		462DE76F21FDF25C009FE253 /* Release */ = {
			isa = XCBuildConfiguration;
			baseConfigurationReference = E3F13129E323EF67F86C0F57 /* Pods-ShokshChat.release.xcconfig */;
			buildSettings = {
				ASSETCATALOG_COMPILER_APPICON_NAME = AppIcon;
				CLANG_ENABLE_MODULES = YES;
				CODE_SIGN_STYLE = Automatic;
				INFOPLIST_FILE = ShokshChat/Info.plist;
				LD_RUNPATH_SEARCH_PATHS = (
					"$(inherited)",
					"@executable_path/Frameworks",
				);
				PRODUCT_BUNDLE_IDENTIFIER = com.elshakoushy.ShokshChat;
				PRODUCT_NAME = "$(TARGET_NAME)";
				SWIFT_OBJC_BRIDGING_HEADER = "ShokshChat/Supporting Files/ShokshChat-Bridging-Header.h";
				SWIFT_VERSION = 4.0;
				TARGETED_DEVICE_FAMILY = "1,2";
			};
			name = Release;
		};
/* End XCBuildConfiguration section */

/* Begin XCConfigurationList section */
		462DE75621FDF259009FE253 /* Build configuration list for PBXProject "ShokshChat" */ = {
			isa = XCConfigurationList;
			buildConfigurations = (
				462DE76B21FDF25C009FE253 /* Debug */,
				462DE76C21FDF25C009FE253 /* Release */,
			);
			defaultConfigurationIsVisible = 0;
			defaultConfigurationName = Release;
		};
		462DE76D21FDF25C009FE253 /* Build configuration list for PBXNativeTarget "ShokshChat" */ = {
			isa = XCConfigurationList;
			buildConfigurations = (
				462DE76E21FDF25C009FE253 /* Debug */,
				462DE76F21FDF25C009FE253 /* Release */,
			);
			defaultConfigurationIsVisible = 0;
			defaultConfigurationName = Release;
		};
/* End XCConfigurationList section */
	};
	rootObject = 462DE75321FDF259009FE253 /* Project object */;
}
